
Microsoft Visual Studio Solution File, Format Version 12.00
# Visual Studio 15
Project("{FAE04EC0-301F-11D3-BF4B-00C04F79EFBC}") = "Assembly-CSharp", "Assembly-CSharp.csproj", "{090078E2-8483-0FFF-DB12-104F40C9EF7E}"
EndProject
Project("{FAE04EC0-301F-11D3-BF4B-00C04F79EFBC}") = "Unity.2D.Tilemap.Extras", "Unity.2D.Tilemap.Extras.csproj", "{1A086A93-A81C-902A-3660-2B07CB63C822}"
EndProject
Project("{FAE04EC0-301F-11D3-BF4B-00C04F79EFBC}") = "Unity.2D.Tilemap.Extras.Editor", "Unity.2D.Tilemap.Extras.Editor.csproj", "{1E24B7B6-FA4C-8162-6897-A03594459BC7}"
EndProject
Project("{FAE04EC0-301F-11D3-BF4B-00C04F79EFBC}") = "Assembly-CSharp-Editor", "Assembly-CSharp-Editor.csproj", "{A68BB80B-86AE-CC60-AC8E-BFE864B4BF1F}"
EndProject
Global
	GlobalSection(SolutionConfigurationPlatforms) = preSolution
		Debug|Any CPU = Debug|Any CPU
		Release|Any CPU = Release|Any CPU
	EndGlobalSection
	GlobalSection(ProjectConfigurationPlatforms) = postSolution
		{090078E2-8483-0FFF-DB12-104F40C9EF7E}.Debug|Any CPU.ActiveCfg = Debug|Any CPU
		{090078E2-8483-0FFF-DB12-104F40C9EF7E}.Debug|Any CPU.Build.0 = Debug|Any CPU
		{090078E2-8483-0FFF-DB12-104F40C9EF7E}.Release|Any CPU.ActiveCfg = Release|Any CPU
		{090078E2-8483-0FFF-DB12-104F40C9EF7E}.Release|Any CPU.Build.0 = Release|Any CPU
		{1A086A93-A81C-902A-3660-2B07CB63C822}.Debug|Any CPU.ActiveCfg = Debug|Any CPU
		{1A086A93-A81C-902A-3660-2B07CB63C822}.Debug|Any CPU.Build.0 = Debug|Any CPU
		{1A086A93-A81C-902A-3660-2B07CB63C822}.Release|Any CPU.ActiveCfg = Release|Any CPU
		{1A086A93-A81C-902A-3660-2B07CB63C822}.Release|Any CPU.Build.0 = Release|Any CPU
		{1E24B7B6-FA4C-8162-6897-A03594459BC7}.Debug|Any CPU.ActiveCfg = Debug|Any CPU
		{1E24B7B6-FA4C-8162-6897-A03594459BC7}.Debug|Any CPU.Build.0 = Debug|Any CPU
		{1E24B7B6-FA4C-8162-6897-A03594459BC7}.Release|Any CPU.ActiveCfg = Release|Any CPU
		{1E24B7B6-FA4C-8162-6897-A03594459BC7}.Release|Any CPU.Build.0 = Release|Any CPU
		{A68BB80B-86AE-CC60-AC8E-BFE864B4BF1F}.Debug|Any CPU.ActiveCfg = Debug|Any CPU
		{A68BB80B-86AE-CC60-AC8E-BFE864B4BF1F}.Debug|Any CPU.Build.0 = Debug|Any CPU
		{A68BB80B-86AE-CC60-AC8E-BFE864B4BF1F}.Release|Any CPU.ActiveCfg = Release|Any CPU
		{A68BB80B-86AE-CC60-AC8E-BFE864B4BF1F}.Release|Any CPU.Build.0 = Release|Any CPU
	EndGlobalSection
	GlobalSection(SolutionProperties) = preSolution
		HideSolutionNode = FALSE
	EndGlobalSection
EndGlobal
